
Microsoft Visual Studio Solution File, Format Version 12.00
# Visual Studio Version 17
VisualStudioVersion = 17.12.35209.166
MinimumVisualStudioVersion = 10.0.40219.1
Project("{FAE04EC0-301F-11D3-BF4B-00C04F79EFBC}") = "SmartTap", "SmartTap\SmartTap.csproj", "{BA5F838C-23D4-4AB8-B4A8-1228A637DFB0}"
EndProject
Project("{2150E333-8FDC-42A3-9474-1A3956D46DE8}") = "Solution Items", "Solution Items", "{987FED63-6703-4E82-88E2-0E22F04E1D82}"
	ProjectSection(SolutionItems) = preProject
		.gitignore = .gitignore
		Directory.Build.props = Directory.Build.props
		Directory.Build.targets = Directory.Build.targets
		Directory.Packages.props = Directory.Packages.props
		global.json = global.json
	EndProjectSection
EndProject
Project("{FAE04EC0-301F-11D3-BF4B-00C04F79EFBC}") = "SmartTap.Sdk", "SmartTap.Sdk\SmartTap.Sdk.csproj", "{95CC687B-4BCE-4C16-8192-E89FBA7637D1}"
EndProject
Global
	GlobalSection(SolutionConfigurationPlatforms) = preSolution
		Debug|Any CPU = Debug|Any CPU
		Release|Any CPU = Release|Any CPU
	EndGlobalSection
	GlobalSection(ProjectConfigurationPlatforms) = postSolution
		{BA5F838C-23D4-4AB8-B4A8-1228A637DFB0}.Debug|Any CPU.ActiveCfg = Debug|Any CPU
		{BA5F838C-23D4-4AB8-B4A8-1228A637DFB0}.Debug|Any CPU.Build.0 = Debug|Any CPU
		{BA5F838C-23D4-4AB8-B4A8-1228A637DFB0}.Debug|Any CPU.Deploy.0 = Debug|Any CPU
		{BA5F838C-23D4-4AB8-B4A8-1228A637DFB0}.Release|Any CPU.ActiveCfg = Release|Any CPU
		{BA5F838C-23D4-4AB8-B4A8-1228A637DFB0}.Release|Any CPU.Build.0 = Release|Any CPU
		{BA5F838C-23D4-4AB8-B4A8-1228A637DFB0}.Release|Any CPU.Deploy.0 = Release|Any CPU
		{95CC687B-4BCE-4C16-8192-E89FBA7637D1}.Debug|Any CPU.ActiveCfg = Debug|Any CPU
		{95CC687B-4BCE-4C16-8192-E89FBA7637D1}.Debug|Any CPU.Build.0 = Debug|Any CPU
		{95CC687B-4BCE-4C16-8192-E89FBA7637D1}.Release|Any CPU.ActiveCfg = Release|Any CPU
		{95CC687B-4BCE-4C16-8192-E89FBA7637D1}.Release|Any CPU.Build.0 = Release|Any CPU
	EndGlobalSection
	GlobalSection(SolutionProperties) = preSolution
		HideSolutionNode = FALSE
	EndGlobalSection
	GlobalSection(ExtensibilityGlobals) = postSolution
		SolutionGuid = {0D6B8FA3-38A1-4587-AD33-9C7CE7668141}
	EndGlobalSection
EndGlobal
